
Microsoft Visual Studio Solution File, Format Version 12.00
# Visual Studio Version 16
VisualStudioVersion = 16.0.31702.278
MinimumVisualStudioVersion = 10.0.40219.1
Project("{9A19103F-16F7-4668-BE54-9A1E7A4F7556}") = "ApiVacunacion", "ApiVacunacion\ApiVacunacion.csproj", "{96A39E84-99F3-446B-8BB6-094A346356D1}"
EndProject
Project("{FAE04EC0-301F-11D3-BF4B-00C04F79EFBC}") = "ClinicaJulio.Android", "ClinicaJulio\ClinicaJulio.Android\ClinicaJulio.Android.csproj", "{F32FE451-3E9E-4740-BC3A-63D6D4DABD98}"
EndProject
Project("{9A19103F-16F7-4668-BE54-9A1E7A4F7556}") = "ClinicaJulio", "ClinicaJulio\ClinicaJulio\ClinicaJulio.csproj", "{0ACF9F72-9C61-4907-BBF9-64EB63DD7E5A}"
EndProject
Project("{FAE04EC0-301F-11D3-BF4B-00C04F79EFBC}") = "MiAgenda.Android", "MiAgenda\MiAgenda.Android\MiAgenda.Android.csproj", "{40D9D18F-948A-49C0-B303-2ECA125F82E2}"
EndProject
Project("{9A19103F-16F7-4668-BE54-9A1E7A4F7556}") = "MiAgenda", "MiAgenda\MiAgenda\MiAgenda.csproj", "{E369F3B7-FBEB-4141-B684-EC40ECA5D582}"
EndProject
Project("{FAE04EC0-301F-11D3-BF4B-00C04F79EFBC}") = "MiLogin.Android", "MiLogin\MiLogin.Android\MiLogin.Android.csproj", "{C53A7918-D687-4CC5-8A2D-62A4FF78D026}"
EndProject
Project("{FAE04EC0-301F-11D3-BF4B-00C04F79EFBC}") = "MiLogin", "MiLogin\MiLogin\MiLogin.csproj", "{2BD704C5-FF18-44A5-912F-AA9FB793A9A8}"
EndProject
Global
	GlobalSection(SolutionConfigurationPlatforms) = preSolution
		Debug|Any CPU = Debug|Any CPU
		Release|Any CPU = Release|Any CPU
	EndGlobalSection
	GlobalSection(ProjectConfigurationPlatforms) = postSolution
		{96A39E84-99F3-446B-8BB6-094A346356D1}.Debug|Any CPU.ActiveCfg = Debug|Any CPU
		{96A39E84-99F3-446B-8BB6-094A346356D1}.Debug|Any CPU.Build.0 = Debug|Any CPU
		{96A39E84-99F3-446B-8BB6-094A346356D1}.Release|Any CPU.ActiveCfg = Release|Any CPU
		{96A39E84-99F3-446B-8BB6-094A346356D1}.Release|Any CPU.Build.0 = Release|Any CPU
		{F32FE451-3E9E-4740-BC3A-63D6D4DABD98}.Debug|Any CPU.ActiveCfg = Debug|Any CPU
		{F32FE451-3E9E-4740-BC3A-63D6D4DABD98}.Debug|Any CPU.Build.0 = Debug|Any CPU
		{F32FE451-3E9E-4740-BC3A-63D6D4DABD98}.Debug|Any CPU.Deploy.0 = Debug|Any CPU
		{F32FE451-3E9E-4740-BC3A-63D6D4DABD98}.Release|Any CPU.ActiveCfg = Release|Any CPU
		{F32FE451-3E9E-4740-BC3A-63D6D4DABD98}.Release|Any CPU.Build.0 = Release|Any CPU
		{F32FE451-3E9E-4740-BC3A-63D6D4DABD98}.Release|Any CPU.Deploy.0 = Release|Any CPU
		{0ACF9F72-9C61-4907-BBF9-64EB63DD7E5A}.Debug|Any CPU.ActiveCfg = Debug|Any CPU
		{0ACF9F72-9C61-4907-BBF9-64EB63DD7E5A}.Debug|Any CPU.Build.0 = Debug|Any CPU
		{0ACF9F72-9C61-4907-BBF9-64EB63DD7E5A}.Release|Any CPU.ActiveCfg = Release|Any CPU
		{0ACF9F72-9C61-4907-BBF9-64EB63DD7E5A}.Release|Any CPU.Build.0 = Release|Any CPU
		{40D9D18F-948A-49C0-B303-2ECA125F82E2}.Debug|Any CPU.ActiveCfg = Debug|Any CPU
		{40D9D18F-948A-49C0-B303-2ECA125F82E2}.Debug|Any CPU.Build.0 = Debug|Any CPU
		{40D9D18F-948A-49C0-B303-2ECA125F82E2}.Debug|Any CPU.Deploy.0 = Debug|Any CPU
		{40D9D18F-948A-49C0-B303-2ECA125F82E2}.Release|Any CPU.ActiveCfg = Release|Any CPU
		{40D9D18F-948A-49C0-B303-2ECA125F82E2}.Release|Any CPU.Build.0 = Release|Any CPU
		{40D9D18F-948A-49C0-B303-2ECA125F82E2}.Release|Any CPU.Deploy.0 = Release|Any CPU
		{E369F3B7-FBEB-4141-B684-EC40ECA5D582}.Debug|Any CPU.ActiveCfg = Debug|Any CPU
		{E369F3B7-FBEB-4141-B684-EC40ECA5D582}.Debug|Any CPU.Build.0 = Debug|Any CPU
		{E369F3B7-FBEB-4141-B684-EC40ECA5D582}.Release|Any CPU.ActiveCfg = Release|Any CPU
		{E369F3B7-FBEB-4141-B684-EC40ECA5D582}.Release|Any CPU.Build.0 = Release|Any CPU
		{C53A7918-D687-4CC5-8A2D-62A4FF78D026}.Debug|Any CPU.ActiveCfg = Debug|Any CPU
		{C53A7918-D687-4CC5-8A2D-62A4FF78D026}.Debug|Any CPU.Build.0 = Debug|Any CPU
		{C53A7918-D687-4CC5-8A2D-62A4FF78D026}.Debug|Any CPU.Deploy.0 = Debug|Any CPU
		{C53A7918-D687-4CC5-8A2D-62A4FF78D026}.Release|Any CPU.ActiveCfg = Release|Any CPU
		{C53A7918-D687-4CC5-8A2D-62A4FF78D026}.Release|Any CPU.Build.0 = Release|Any CPU
		{C53A7918-D687-4CC5-8A2D-62A4FF78D026}.Release|Any CPU.Deploy.0 = Release|Any CPU
		{2BD704C5-FF18-44A5-912F-AA9FB793A9A8}.Debug|Any CPU.ActiveCfg = Debug|Any CPU
		{2BD704C5-FF18-44A5-912F-AA9FB793A9A8}.Debug|Any CPU.Build.0 = Debug|Any CPU
		{2BD704C5-FF18-44A5-912F-AA9FB793A9A8}.Release|Any CPU.ActiveCfg = Release|Any CPU
		{2BD704C5-FF18-44A5-912F-AA9FB793A9A8}.Release|Any CPU.Build.0 = Release|Any CPU
	EndGlobalSection
	GlobalSection(SolutionProperties) = preSolution
		HideSolutionNode = FALSE
	EndGlobalSection
	GlobalSection(ExtensibilityGlobals) = postSolution
		SolutionGuid = {ADA17B7D-121A-4107-A044-B4A3262F8471}
	EndGlobalSection
EndGlobal
